
Microsoft Visual Studio Solution File, Format Version 12.00
# Visual Studio Version 17
VisualStudioVersion = 17.0.31903.59
MinimumVisualStudioVersion = 10.0.40219.1
Project("{FAE04EC0-301F-11D3-BF4B-00C04F79EFBC}") = "questao6", "questao6\questao6.csproj", "{68E9E1B0-DF9D-4134-9AA9-696F9A8AEBAC}"
EndProject
Global
	GlobalSection(SolutionConfigurationPlatforms) = preSolution
		Debug|Any CPU = Debug|Any CPU
		Release|Any CPU = Release|Any CPU
	EndGlobalSection
	GlobalSection(SolutionProperties) = preSolution
		HideSolutionNode = FALSE
	EndGlobalSection
	GlobalSection(ProjectConfigurationPlatforms) = postSolution
		{68E9E1B0-DF9D-4134-9AA9-696F9A8AEBAC}.Debug|Any CPU.ActiveCfg = Debug|Any CPU
		{68E9E1B0-DF9D-4134-9AA9-696F9A8AEBAC}.Debug|Any CPU.Build.0 = Debug|Any CPU
		{68E9E1B0-DF9D-4134-9AA9-696F9A8AEBAC}.Release|Any CPU.ActiveCfg = Release|Any CPU
		{68E9E1B0-DF9D-4134-9AA9-696F9A8AEBAC}.Release|Any CPU.Build.0 = Release|Any CPU
	EndGlobalSection
EndGlobal
