Microsoft Visual Studio Solution File, Format Version 12.00
# Visual Studio Version 17
VisualStudioVersion = 17.5.2.0
MinimumVisualStudioVersion = 10.0.40219.1
Project("{FAE04EC0-301F-11D3-BF4B-00C04F79EFBC}") = "buscaLargura", "buscaLargura.csproj", "{17DE0644-9410-0DCB-31C3-0E1E65490E1C}"
EndProject
Global
	GlobalSection(SolutionConfigurationPlatforms) = preSolution
		Debug|Any CPU = Debug|Any CPU
		Release|Any CPU = Release|Any CPU
	EndGlobalSection
	GlobalSection(ProjectConfigurationPlatforms) = postSolution
		{17DE0644-9410-0DCB-31C3-0E1E65490E1C}.Debug|Any CPU.ActiveCfg = Debug|Any CPU
		{17DE0644-9410-0DCB-31C3-0E1E65490E1C}.Debug|Any CPU.Build.0 = Debug|Any CPU
		{17DE0644-9410-0DCB-31C3-0E1E65490E1C}.Release|Any CPU.ActiveCfg = Release|Any CPU
		{17DE0644-9410-0DCB-31C3-0E1E65490E1C}.Release|Any CPU.Build.0 = Release|Any CPU
	EndGlobalSection
	GlobalSection(SolutionProperties) = preSolution
		HideSolutionNode = FALSE
	EndGlobalSection
	GlobalSection(ExtensibilityGlobals) = postSolution
		SolutionGuid = {7E642D51-4862-41D0-A1DE-0CA4626C5014}
	EndGlobalSection
EndGlobal
